
Microsoft Visual Studio Solution File, Format Version 12.00
# Visual Studio Version 16
VisualStudioVersion = 16.0.30611.23
MinimumVisualStudioVersion = 10.0.40219.1
Project("{FAE04EC0-301F-11D3-BF4B-00C04F79EFBC}") = "ConsoleApp5", "ConsoleApp5\ConsoleApp5.csproj", "{E49C06FE-8C8D-4CF8-996D-7D667C899457}"
EndProject
Global
	GlobalSection(SolutionConfigurationPlatforms) = preSolution
		Debug|Any CPU = Debug|Any CPU
		Release|Any CPU = Release|Any CPU
	EndGlobalSection
	GlobalSection(ProjectConfigurationPlatforms) = postSolution
		{E49C06FE-8C8D-4CF8-996D-7D667C899457}.Debug|Any CPU.ActiveCfg = Debug|Any CPU
		{E49C06FE-8C8D-4CF8-996D-7D667C899457}.Debug|Any CPU.Build.0 = Debug|Any CPU
		{E49C06FE-8C8D-4CF8-996D-7D667C899457}.Release|Any CPU.ActiveCfg = Release|Any CPU
		{E49C06FE-8C8D-4CF8-996D-7D667C899457}.Release|Any CPU.Build.0 = Release|Any CPU
	EndGlobalSection
	GlobalSection(SolutionProperties) = preSolution
		HideSolutionNode = FALSE
	EndGlobalSection
	GlobalSection(ExtensibilityGlobals) = postSolution
		SolutionGuid = {76B28E49-271F-4BE5-9C71-552BFA57D2DC}
	EndGlobalSection
EndGlobal
